{
  "name": "@graph-paper/elements",
  "version": "0.0.0-alpha.15",
  "lockfileVersion": 1,
  "requires": true,
  "dependencies": {
    "@graph-paper/button": {
      "version": "0.0.0-alpha.15",
      "resolved": "https://registry.npmjs.org/@graph-paper/button/-/button-0.0.0-alpha.15.tgz",
      "integrity": "sha512-gFpQ2Edw0kIFAnM3TfgezjYNEi8eK2JnvgYUArzn9cV3VlWnfFcrxWUMDThoeoOrIF5WpKW5aI9E0D0U8EtpFg==",
      "dev": true,
      "requires": {
        "@graph-paper/core": "^0.0.0-alpha.15"
      }
    },
    "@graph-paper/chip": {
      "version": "0.0.0-alpha.15",
      "resolved": "https://registry.npmjs.org/@graph-paper/chip/-/chip-0.0.0-alpha.15.tgz",
      "integrity": "sha512-niMwMAFrIySCbpsHfkYEkKFGd/AbFwwvR9U4wocBNITpFOJwa2Al1WTob9ZZhcPCupgXU4rhxPjGca1u/kNWXw==",
      "dev": true,
      "requires": {
        "@graph-paper/icons": "^0.0.0-alpha.15"
      }
    },
    "@graph-paper/core": {
      "version": "0.0.0-alpha.15",
      "resolved": "https://registry.npmjs.org/@graph-paper/core/-/core-0.0.0-alpha.15.tgz",
      "integrity": "sha512-pD9yYYbban+GgjYfea18bxzB3RSpazz9XDodjK5e84M3hoFF260ADUgmaIilEmXFQwrCVdXXIjrNyiNoXVfQmw==",
      "dev": true
    },
    "@graph-paper/datagraphic": {
      "version": "0.0.0-alpha.15",
      "resolved": "https://registry.npmjs.org/@graph-paper/datagraphic/-/datagraphic-0.0.0-alpha.15.tgz",
      "integrity": "sha512-xYT3iF+7SPjHIG3YzQABJi1StduT/K+RsYODG4iSgK4F4k1RaYXzgmPXd0IrT/KVF5286rbjijWuW1qHOGd5bg==",
      "dev": true,
      "requires": {
        "d3-array": "^2.4.0",
        "d3-scale": "^3.2.1"
      }
    },
    "@graph-paper/guides": {
      "version": "0.0.0-alpha.15",
      "resolved": "https://registry.npmjs.org/@graph-paper/guides/-/guides-0.0.0-alpha.15.tgz",
      "integrity": "sha512-5x9R/41uneSNB3ODYHf8VPY11MDpKI4Hn9wTrhjgFOjayZ1IVqPmaDVUC24PqTOh9D/XzDEEzqFJCYXAp5FUgw==",
      "dev": true
    },
    "@graph-paper/icons": {
      "version": "0.0.0-alpha.15",
      "resolved": "https://registry.npmjs.org/@graph-paper/icons/-/icons-0.0.0-alpha.15.tgz",
      "integrity": "sha512-i4nCDXAUzkPL19vpYfl+S1LmQK3whspPM7HtGxBxkEy0o6np9OBQXX/f+bGX19oDzc5I/z6asj+BG3LvbbNnlA==",
      "dev": true
    },
    "d3-array": {
      "version": "2.7.0",
      "resolved": "https://registry.npmjs.org/d3-array/-/d3-array-2.7.0.tgz",
      "integrity": "sha512-4T2QVIgIvsuWo3ZxlweERUA37nc8uEIykD8bbpnbdgROio1TIh9uoMmi5E1SckAjFdb9b7hTWV0dExnxNqaAVg==",
      "dev": true
    },
    "d3-color": {
      "version": "1.4.0",
      "resolved": "https://registry.npmjs.org/d3-color/-/d3-color-1.4.0.tgz",
      "integrity": "sha512-TzNPeJy2+iEepfiL92LAAB7fvnp/dV2YwANPVHdDWmYMm23qIJBYww3qT8I8C1wXrmrg4UWs7BKc2tKIgyjzHg==",
      "dev": true
    },
    "d3-format": {
      "version": "1.4.4",
      "resolved": "https://registry.npmjs.org/d3-format/-/d3-format-1.4.4.tgz",
      "integrity": "sha512-TWks25e7t8/cqctxCmxpUuzZN11QxIA7YrMbram94zMQ0PXjE4LVIMe/f6a4+xxL8HQ3OsAFULOINQi1pE62Aw==",
      "dev": true
    },
    "d3-interpolate": {
      "version": "1.4.0",
      "resolved": "https://registry.npmjs.org/d3-interpolate/-/d3-interpolate-1.4.0.tgz",
      "integrity": "sha512-V9znK0zc3jOPV4VD2zZn0sDhZU3WAE2bmlxdIwwQPPzPjvyLkd8B3JUVdS1IDUFDkWZ72c9qnv1GK2ZagTZ8EA==",
      "dev": true,
      "requires": {
        "d3-color": "1"
      }
    },
    "d3-path": {
      "version": "1.0.9",
      "resolved": "https://registry.npmjs.org/d3-path/-/d3-path-1.0.9.tgz",
      "integrity": "sha512-VLaYcn81dtHVTjEHd8B+pbe9yHWpXKZUC87PzoFmsFrJqgFwDe/qxfp5MlfsfM1V5E/iVt0MmEbWQ7FVIXh/bg=="
    },
    "d3-random": {
      "version": "2.1.0",
      "resolved": "https://registry.npmjs.org/d3-random/-/d3-random-2.1.0.tgz",
      "integrity": "sha512-NY3GKeKxlRAXzUNun8Pv36Mciggnf8v+4kCDEoKaAbw4qmpfJ5LvMazdiYNDEiuM4hQSVHnxNeuYdVRJlFw9dg==",
      "dev": true
    },
    "d3-scale": {
      "version": "3.2.1",
      "resolved": "https://registry.npmjs.org/d3-scale/-/d3-scale-3.2.1.tgz",
      "integrity": "sha512-huz5byJO/6MPpz6Q8d4lg7GgSpTjIZW/l+1MQkzKfu2u8P6hjaXaStOpmyrD6ymKoW87d2QVFCKvSjLwjzx/rA==",
      "dev": true,
      "requires": {
        "d3-array": "1.2.0 - 2",
        "d3-format": "1",
        "d3-interpolate": "^1.2.0",
        "d3-time": "1",
        "d3-time-format": "2"
      }
    },
    "d3-scale-chromatic": {
      "version": "1.5.0",
      "resolved": "https://registry.npmjs.org/d3-scale-chromatic/-/d3-scale-chromatic-1.5.0.tgz",
      "integrity": "sha512-ACcL46DYImpRFMBcpk9HhtIyC7bTBR4fNOPxwVSl0LfulDAwyiHyPOTqcDG1+t5d4P9W7t/2NAuWu59aKko/cg==",
      "dev": true,
      "requires": {
        "d3-color": "1",
        "d3-interpolate": "1"
      }
    },
    "d3-shape": {
      "version": "1.3.7",
      "resolved": "https://registry.npmjs.org/d3-shape/-/d3-shape-1.3.7.tgz",
      "integrity": "sha512-EUkvKjqPFUAZyOlhY5gzCxCeI0Aep04LwIRpsZ/mLFelJiUfnK56jo5JMDSE7yyP2kLSb6LtF+S5chMk7uqPqw==",
      "requires": {
        "d3-path": "1"
      }
    },
    "d3-time": {
      "version": "1.1.0",
      "resolved": "https://registry.npmjs.org/d3-time/-/d3-time-1.1.0.tgz",
      "integrity": "sha512-Xh0isrZ5rPYYdqhAVk8VLnMEidhz5aP7htAADH6MfzgmmicPkTo8LhkLxci61/lCB7n7UmE3bN0leRt+qvkLxA==",
      "dev": true
    },
    "d3-time-format": {
      "version": "2.2.3",
      "resolved": "https://registry.npmjs.org/d3-time-format/-/d3-time-format-2.2.3.tgz",
      "integrity": "sha512-RAHNnD8+XvC4Zc4d2A56Uw0yJoM7bsvOlJR33bclxq399Rak/b9bhvu/InjxdWhPtkgU53JJcleJTGkNRnN6IA==",
      "dev": true,
      "requires": {
        "d3-time": "1"
      }
    }
  }
}
