{
  "name": "@graph-paper/elements",
  "version": "0.0.0-alpha.15",
  "lockfileVersion": 1,
  "requires": true,
  "dependencies": {
    "@graph-paper/button": {
      "version": "0.0.0-alpha.10",
      "resolved": "https://registry.npmjs.org/@graph-paper/button/-/button-0.0.0-alpha.10.tgz",
      "integrity": "sha512-cvLOAwnZ6P92CrBcBh2BRTVL/J+YQpiPCu/NO2oxK1v2c7NwH/7dwE0hlCPOlB30ihU+w0FzBntKGvn/nMD2Ag==",
      "dev": true,
      "requires": {
        "@graph-paper/core": "^0.0.0-alpha.10"
      }
    },
    "@graph-paper/chip": {
      "version": "0.0.0-alpha.10",
      "resolved": "https://registry.npmjs.org/@graph-paper/chip/-/chip-0.0.0-alpha.10.tgz",
      "integrity": "sha512-iJuxb5QKQE4BF1V+tm4nkay5d7mZpeTbyGyn7VbH51cTgA0fpGxAqzasqdOHpQsJ8E0h9XKuAFL37SDQTC79eQ==",
      "dev": true,
      "requires": {
        "@graph-paper/icons": "^0.0.0-alpha.10"
      }
    },
    "@graph-paper/core": {
      "version": "0.0.0-alpha.10",
      "resolved": "https://registry.npmjs.org/@graph-paper/core/-/core-0.0.0-alpha.10.tgz",
      "integrity": "sha512-5rAJN3rKnlLWgvY6E4sX4o+cxAH++JwgFMnaSsxcSgwZTbRl+QK2T1ZuWCCLyv3rwLOKOZnA3O7tvkmGaoOGoQ==",
      "dev": true
    },
    "@graph-paper/datagraphic": {
      "version": "0.0.0-alpha.10",
      "resolved": "https://registry.npmjs.org/@graph-paper/datagraphic/-/datagraphic-0.0.0-alpha.10.tgz",
      "integrity": "sha512-JgcoCdKA6atzIPTIN/zhZ+j86RFrX88DGUeRYezBEAOm1bMgOdyxv0+FXEIpAZhTAquzr1MCBcaz2COwhomkOw==",
      "dev": true,
      "requires": {
        "d3-array": "^2.4.0",
        "d3-scale": "^3.2.1"
      }
    },
    "@graph-paper/guides": {
      "version": "0.0.0-alpha.10",
      "resolved": "https://registry.npmjs.org/@graph-paper/guides/-/guides-0.0.0-alpha.10.tgz",
      "integrity": "sha512-EzppPh78FYKAyS54qV8mYS1nd6qD76e9NROFg6cvHrFolSzReKteNTF1gIe1Nz0qsmtlXOrcXQ8eNMp6D2fdFQ==",
      "dev": true
    },
    "@graph-paper/icons": {
      "version": "0.0.0-alpha.10",
      "resolved": "https://registry.npmjs.org/@graph-paper/icons/-/icons-0.0.0-alpha.10.tgz",
      "integrity": "sha512-tkkN7tMk5aUuUkr6rcPwBPsmM9NAPSikZezYmSXsEqCQTc2EQcKm+8oSBLmrrBHpC7dsFhtkE1dtljMUX0wbbw==",
      "dev": true
    },
    "d3-array": {
      "version": "2.4.0",
      "resolved": "https://registry.npmjs.org/d3-array/-/d3-array-2.4.0.tgz",
      "integrity": "sha512-KQ41bAF2BMakf/HdKT865ALd4cgND6VcIztVQZUTt0+BH3RWy6ZYnHghVXf6NFjt2ritLr8H1T8LreAAlfiNcw==",
      "dev": true
    },
    "d3-color": {
      "version": "1.4.0",
      "resolved": "https://registry.npmjs.org/d3-color/-/d3-color-1.4.0.tgz",
      "integrity": "sha512-TzNPeJy2+iEepfiL92LAAB7fvnp/dV2YwANPVHdDWmYMm23qIJBYww3qT8I8C1wXrmrg4UWs7BKc2tKIgyjzHg==",
      "dev": true
    },
    "d3-format": {
      "version": "1.4.4",
      "resolved": "https://registry.npmjs.org/d3-format/-/d3-format-1.4.4.tgz",
      "integrity": "sha512-TWks25e7t8/cqctxCmxpUuzZN11QxIA7YrMbram94zMQ0PXjE4LVIMe/f6a4+xxL8HQ3OsAFULOINQi1pE62Aw==",
      "dev": true
    },
    "d3-interpolate": {
      "version": "1.4.0",
      "resolved": "https://registry.npmjs.org/d3-interpolate/-/d3-interpolate-1.4.0.tgz",
      "integrity": "sha512-V9znK0zc3jOPV4VD2zZn0sDhZU3WAE2bmlxdIwwQPPzPjvyLkd8B3JUVdS1IDUFDkWZ72c9qnv1GK2ZagTZ8EA==",
      "dev": true,
      "requires": {
        "d3-color": "1"
      }
    },
    "d3-path": {
      "version": "1.0.9",
      "resolved": "https://registry.npmjs.org/d3-path/-/d3-path-1.0.9.tgz",
      "integrity": "sha512-VLaYcn81dtHVTjEHd8B+pbe9yHWpXKZUC87PzoFmsFrJqgFwDe/qxfp5MlfsfM1V5E/iVt0MmEbWQ7FVIXh/bg=="
    },
    "d3-random": {
      "version": "2.1.0",
      "resolved": "https://registry.npmjs.org/d3-random/-/d3-random-2.1.0.tgz",
      "integrity": "sha512-NY3GKeKxlRAXzUNun8Pv36Mciggnf8v+4kCDEoKaAbw4qmpfJ5LvMazdiYNDEiuM4hQSVHnxNeuYdVRJlFw9dg==",
      "dev": true
    },
    "d3-scale": {
      "version": "3.2.1",
      "resolved": "https://registry.npmjs.org/d3-scale/-/d3-scale-3.2.1.tgz",
      "integrity": "sha512-huz5byJO/6MPpz6Q8d4lg7GgSpTjIZW/l+1MQkzKfu2u8P6hjaXaStOpmyrD6ymKoW87d2QVFCKvSjLwjzx/rA==",
      "dev": true,
      "requires": {
        "d3-array": "1.2.0 - 2",
        "d3-format": "1",
        "d3-interpolate": "^1.2.0",
        "d3-time": "1",
        "d3-time-format": "2"
      }
    },
    "d3-scale-chromatic": {
      "version": "1.5.0",
      "resolved": "https://registry.npmjs.org/d3-scale-chromatic/-/d3-scale-chromatic-1.5.0.tgz",
      "integrity": "sha512-ACcL46DYImpRFMBcpk9HhtIyC7bTBR4fNOPxwVSl0LfulDAwyiHyPOTqcDG1+t5d4P9W7t/2NAuWu59aKko/cg==",
      "dev": true,
      "requires": {
        "d3-color": "1",
        "d3-interpolate": "1"
      }
    },
    "d3-shape": {
      "version": "1.3.7",
      "resolved": "https://registry.npmjs.org/d3-shape/-/d3-shape-1.3.7.tgz",
      "integrity": "sha512-EUkvKjqPFUAZyOlhY5gzCxCeI0Aep04LwIRpsZ/mLFelJiUfnK56jo5JMDSE7yyP2kLSb6LtF+S5chMk7uqPqw==",
      "requires": {
        "d3-path": "1"
      }
    },
    "d3-time": {
      "version": "1.1.0",
      "resolved": "https://registry.npmjs.org/d3-time/-/d3-time-1.1.0.tgz",
      "integrity": "sha512-Xh0isrZ5rPYYdqhAVk8VLnMEidhz5aP7htAADH6MfzgmmicPkTo8LhkLxci61/lCB7n7UmE3bN0leRt+qvkLxA==",
      "dev": true
    },
    "d3-time-format": {
      "version": "2.2.3",
      "resolved": "https://registry.npmjs.org/d3-time-format/-/d3-time-format-2.2.3.tgz",
      "integrity": "sha512-RAHNnD8+XvC4Zc4d2A56Uw0yJoM7bsvOlJR33bclxq399Rak/b9bhvu/InjxdWhPtkgU53JJcleJTGkNRnN6IA==",
      "dev": true,
      "requires": {
        "d3-time": "1"
      }
    }
  }
}
