{
  "name": "@graph-paper/chip",
  "version": "0.0.0-alpha.7",
  "lockfileVersion": 1,
  "requires": true,
  "dependencies": {
    "@graph-paper/button": {
      "version": "0.0.0-alpha.6",
      "resolved": "https://registry.npmjs.org/@graph-paper/button/-/button-0.0.0-alpha.6.tgz",
      "integrity": "sha512-Gddnbb7PrYd+84L5+JZFQFjLcZlZUg+pWkFJTqFy7y569uiMb41qaDL7R7zrdb2n8y17sMOr6GwsgY6FFPFm0w==",
      "dev": true,
      "requires": {
        "@graph-paper/core": "^0.0.0-alpha.6"
      }
    },
    "@graph-paper/core": {
      "version": "0.0.0-alpha.6",
      "resolved": "https://registry.npmjs.org/@graph-paper/core/-/core-0.0.0-alpha.6.tgz",
      "integrity": "sha512-GDnG1x4g5r6hTyYZZGWx1e152VNejCyfmCj2UCEBKHYQ/RX5NZaTkSAZRememmg1vJgEGbzxCUjKLaZBnopNAA==",
      "dev": true
    },
    "@graph-paper/stack": {
      "version": "0.0.0-alpha.6",
      "resolved": "https://registry.npmjs.org/@graph-paper/stack/-/stack-0.0.0-alpha.6.tgz",
      "integrity": "sha512-6wLnbDCcuB9qJYbOvHDkjRsP4Dm8VRdRx88ZoAWvM0Gu4JfPPCcgNPG67Y/k4etDeg3BqQmcippRvE36GEWb2Q==",
      "dev": true
    }
  }
}
